
Microsoft Visual Studio Solution File, Format Version 12.00
# Visual Studio 2013
VisualStudioVersion = 12.0.21005.1
MinimumVisualStudioVersion = 10.0.40219.1
Project("{FAE04EC0-301F-11D3-BF4B-00C04F79EFBC}") = "SarcIntel", "ScarIntel\SarcIntel.csproj", "{CA469327-4E1C-4F6E-9815-296A8C92C954}"
	ProjectSection(ProjectDependencies) = postProject
		{E2D726D9-6F0B-4E3C-8B7A-4293BA17072A} = {E2D726D9-6F0B-4E3C-8B7A-4293BA17072A}
	EndProjectSection
EndProject
Project("{FAE04EC0-301F-11D3-BF4B-00C04F79EFBC}") = "SqlMapper", "SqlMapper\SqlMapper.csproj", "{E188C274-E2F6-4279-81EF-FAD9CA0E16B7}"
	ProjectSection(ProjectDependencies) = postProject
		{736A5C2C-436F-4F90-B1B9-AE4B15713F66} = {736A5C2C-436F-4F90-B1B9-AE4B15713F66}
	EndProjectSection
EndProject
Project("{FAE04EC0-301F-11D3-BF4B-00C04F79EFBC}") = "Domain", "SharedLibrary\Domain.csproj", "{736A5C2C-436F-4F90-B1B9-AE4B15713F66}"
EndProject
Project("{FAE04EC0-301F-11D3-BF4B-00C04F79EFBC}") = "Test", "Test\Test.csproj", "{700EA2E5-DE91-4C24-B3F3-6E74221D013B}"
	ProjectSection(ProjectDependencies) = postProject
		{E2D726D9-6F0B-4E3C-8B7A-4293BA17072A} = {E2D726D9-6F0B-4E3C-8B7A-4293BA17072A}
	EndProjectSection
EndProject
Project("{2150E333-8FDC-42A3-9474-1A3956D46DE8}") = "Solution Items", "Solution Items", "{3955053F-9034-4313-9AF4-33DBE2B7825E}"
	ProjectSection(SolutionItems) = preProject
		BD\filipe_dir_an\filipe_dir_an_1.bmp = BD\filipe_dir_an\filipe_dir_an_1.bmp
		BD\filipe_dir_an\filipe_dir_an_2.bmp = BD\filipe_dir_an\filipe_dir_an_2.bmp
		BD\filipe_dir_an\filipe_dir_an_3.bmp = BD\filipe_dir_an\filipe_dir_an_3.bmp
		BD\filipe_dir_pol\filipe_dir_pol_1.bmp = BD\filipe_dir_pol\filipe_dir_pol_1.bmp
		BD\filipe_dir_pol\filipe_dir_pol_2.bmp = BD\filipe_dir_pol\filipe_dir_pol_2.bmp
		BD\filipe_dir_pol\filipe_dir_pol_3.bmp = BD\filipe_dir_pol\filipe_dir_pol_3.bmp
		BD\filipe_esq_an\filipe_esq_an_1.bmp = BD\filipe_esq_an\filipe_esq_an_1.bmp
		BD\filipe_esq_an\filipe_esq_an_2.bmp = BD\filipe_esq_an\filipe_esq_an_2.bmp
		BD\filipe_esq_an\filipe_esq_an_3.bmp = BD\filipe_esq_an\filipe_esq_an_3.bmp
		BD\filipe_esq_ind\filipe_esq_ind_1.bmp = BD\filipe_esq_ind\filipe_esq_ind_1.bmp
		BD\filipe_esq_ind\filipe_esq_ind_2.bmp = BD\filipe_esq_ind\filipe_esq_ind_2.bmp
		BD\filipe_esq_ind\filipe_esq_ind_3.bmp = BD\filipe_esq_ind\filipe_esq_ind_3.bmp
		BD\filipe_esq_med\filipe_esq_med_1.bmp = BD\filipe_esq_med\filipe_esq_med_1.bmp
		BD\filipe_esq_med\filipe_esq_med_2.bmp = BD\filipe_esq_med\filipe_esq_med_2.bmp
		BD\filipe_esq_med\filipe_esq_med_3.bmp = BD\filipe_esq_med\filipe_esq_med_3.bmp
		BD\filipe_esq_pol\filipe_esq_pol_1.bmp = BD\filipe_esq_pol\filipe_esq_pol_1.bmp
		BD\filipe_esq_pol\filipe_esq_pol_2.bmp = BD\filipe_esq_pol\filipe_esq_pol_2.bmp
		BD\filipe_esq_pol\filipe_esq_pol_3.bmp = BD\filipe_esq_pol\filipe_esq_pol_3.bmp
		BD\milton_dir_an\milton_dir_an_1.bmp = BD\milton_dir_an\milton_dir_an_1.bmp
		BD\milton_dir_an\milton_dir_an_2.bmp = BD\milton_dir_an\milton_dir_an_2.bmp
		BD\milton_dir_an\milton_dir_an_3.bmp = BD\milton_dir_an\milton_dir_an_3.bmp
		BD\milton_dir_ind\milton_dir_ind_1.bmp = BD\milton_dir_ind\milton_dir_ind_1.bmp
		BD\milton_dir_ind\milton_dir_ind_2.bmp = BD\milton_dir_ind\milton_dir_ind_2.bmp
		BD\milton_dir_ind\milton_dir_ind_3.bmp = BD\milton_dir_ind\milton_dir_ind_3.bmp
		BD\milton_dir_med\milton_dir_med_1.bmp = BD\milton_dir_med\milton_dir_med_1.bmp
		BD\milton_dir_med\milton_dir_med_2.bmp = BD\milton_dir_med\milton_dir_med_2.bmp
		BD\milton_dir_med\milton_dir_med_3.bmp = BD\milton_dir_med\milton_dir_med_3.bmp
		BD\milton_dir_pol\milton_dir_pol_1.bmp = BD\milton_dir_pol\milton_dir_pol_1.bmp
		BD\milton_dir_pol\milton_dir_pol_2.bmp = BD\milton_dir_pol\milton_dir_pol_2.bmp
		BD\milton_dir_pol\milton_dir_pol_3.bmp = BD\milton_dir_pol\milton_dir_pol_3.bmp
		BD\milton_esq_an\milton_esq_an_1.bmp = BD\milton_esq_an\milton_esq_an_1.bmp
		BD\milton_esq_an\milton_esq_an_2.bmp = BD\milton_esq_an\milton_esq_an_2.bmp
		BD\milton_esq_an\milton_esq_an_3.bmp = BD\milton_esq_an\milton_esq_an_3.bmp
		BD\milton_esq_ind\milton_esq_ind_1.bmp = BD\milton_esq_ind\milton_esq_ind_1.bmp
		BD\milton_esq_ind\milton_esq_ind_2.bmp = BD\milton_esq_ind\milton_esq_ind_2.bmp
		BD\milton_esq_ind\milton_esq_ind_3.bmp = BD\milton_esq_ind\milton_esq_ind_3.bmp
		BD\milton_esq_med\milton_esq_med_1.bmp = BD\milton_esq_med\milton_esq_med_1.bmp
		BD\milton_esq_med\milton_esq_med_2.bmp = BD\milton_esq_med\milton_esq_med_2.bmp
		BD\milton_esq_med\milton_esq_med_3.bmp = BD\milton_esq_med\milton_esq_med_3.bmp
		BD\milton_esq_pol\milton_esq_pol_1.bmp = BD\milton_esq_pol\milton_esq_pol_1.bmp
		BD\milton_esq_pol\milton_esq_pol_2.bmp = BD\milton_esq_pol\milton_esq_pol_2.bmp
		BD\milton_esq_pol\milton_esq_pol_3.bmp = BD\milton_esq_pol\milton_esq_pol_3.bmp
		BD\nuno_dir_an\nuno_dir_an_1.bmp = BD\nuno_dir_an\nuno_dir_an_1.bmp
		BD\nuno_dir_an\nuno_dir_an_2.bmp = BD\nuno_dir_an\nuno_dir_an_2.bmp
		BD\nuno_dir_an\nuno_dir_an_3.bmp = BD\nuno_dir_an\nuno_dir_an_3.bmp
		BD\nuno_dir_ind\nuno_dir_ind_1.bmp = BD\nuno_dir_ind\nuno_dir_ind_1.bmp
		BD\nuno_dir_ind\nuno_dir_ind_2.bmp = BD\nuno_dir_ind\nuno_dir_ind_2.bmp
		BD\nuno_dir_ind\nuno_dir_ind_3.bmp = BD\nuno_dir_ind\nuno_dir_ind_3.bmp
		BD\nuno_dir_med\nuno_dir_med_1.bmp = BD\nuno_dir_med\nuno_dir_med_1.bmp
		BD\nuno_dir_med\nuno_dir_med_2.bmp = BD\nuno_dir_med\nuno_dir_med_2.bmp
		BD\nuno_dir_med\nuno_dir_med_3.bmp = BD\nuno_dir_med\nuno_dir_med_3.bmp
		BD\nuno_dir_pol\nuno_dir_pol_1.bmp = BD\nuno_dir_pol\nuno_dir_pol_1.bmp
		BD\nuno_dir_pol\nuno_dir_pol_2.bmp = BD\nuno_dir_pol\nuno_dir_pol_2.bmp
		BD\nuno_dir_pol\nuno_dir_pol_3.bmp = BD\nuno_dir_pol\nuno_dir_pol_3.bmp
		BD\nuno_esq_an\nuno_esq_an_1.bmp = BD\nuno_esq_an\nuno_esq_an_1.bmp
		BD\nuno_esq_an\nuno_esq_an_2.bmp = BD\nuno_esq_an\nuno_esq_an_2.bmp
		BD\nuno_esq_an\nuno_esq_an_3.bmp = BD\nuno_esq_an\nuno_esq_an_3.bmp
		BD\nuno_esq_ind\nuno_esq_ind_1.bmp = BD\nuno_esq_ind\nuno_esq_ind_1.bmp
		BD\nuno_esq_ind\nuno_esq_ind_2.bmp = BD\nuno_esq_ind\nuno_esq_ind_2.bmp
		BD\nuno_esq_ind\nuno_esq_ind_3.bmp = BD\nuno_esq_ind\nuno_esq_ind_3.bmp
		BD\nuno_esq_med\nuno_esq_med_1.bmp = BD\nuno_esq_med\nuno_esq_med_1.bmp
		BD\nuno_esq_med\nuno_esq_med_2.bmp = BD\nuno_esq_med\nuno_esq_med_2.bmp
		BD\nuno_esq_med\nuno_esq_med_3.bmp = BD\nuno_esq_med\nuno_esq_med_3.bmp
		BD\nuno_esq_pol\nuno_esq_pol_1.bmp = BD\nuno_esq_pol\nuno_esq_pol_1.bmp
		BD\nuno_esq_pol\nuno_esq_pol_2.bmp = BD\nuno_esq_pol\nuno_esq_pol_2.bmp
		BD\nuno_esq_pol\nuno_esq_pol_3.bmp = BD\nuno_esq_pol\nuno_esq_pol_3.bmp
		BD\ricardo_dir_an\ricardo_dir_an_1.bmp = BD\ricardo_dir_an\ricardo_dir_an_1.bmp
		BD\ricardo_dir_an\ricardo_dir_an_2.bmp = BD\ricardo_dir_an\ricardo_dir_an_2.bmp
		BD\ricardo_dir_an\ricardo_dir_an_3.bmp = BD\ricardo_dir_an\ricardo_dir_an_3.bmp
		BD\ricardo_dir_ind\ricardo_dir_ind_1.bmp = BD\ricardo_dir_ind\ricardo_dir_ind_1.bmp
		BD\ricardo_dir_ind\ricardo_dir_ind_2.bmp = BD\ricardo_dir_ind\ricardo_dir_ind_2.bmp
		BD\ricardo_dir_ind\ricardo_dir_ind_3.bmp = BD\ricardo_dir_ind\ricardo_dir_ind_3.bmp
		BD\ricardo_dir_med\ricardo_dir_med_1.bmp = BD\ricardo_dir_med\ricardo_dir_med_1.bmp
		BD\ricardo_dir_med\ricardo_dir_med_2.bmp = BD\ricardo_dir_med\ricardo_dir_med_2.bmp
		BD\ricardo_dir_med\ricardo_dir_med_3.bmp = BD\ricardo_dir_med\ricardo_dir_med_3.bmp
		BD\ricardo_dir_pol\ricardo_dir_pol_1.bmp = BD\ricardo_dir_pol\ricardo_dir_pol_1.bmp
		BD\ricardo_dir_pol\ricardo_dir_pol_2.bmp = BD\ricardo_dir_pol\ricardo_dir_pol_2.bmp
		BD\ricardo_dir_pol\ricardo_dir_pol_3.bmp = BD\ricardo_dir_pol\ricardo_dir_pol_3.bmp
		BD\ricardo_esq_an\ricardo_esq_an_1.bmp = BD\ricardo_esq_an\ricardo_esq_an_1.bmp
		BD\ricardo_esq_an\ricardo_esq_an_2.bmp = BD\ricardo_esq_an\ricardo_esq_an_2.bmp
		BD\ricardo_esq_an\ricardo_esq_an_3.bmp = BD\ricardo_esq_an\ricardo_esq_an_3.bmp
		BD\ricardo_esq_ind\ricardo_esq_ind_1.bmp = BD\ricardo_esq_ind\ricardo_esq_ind_1.bmp
		BD\ricardo_esq_ind\ricardo_esq_ind_2.bmp = BD\ricardo_esq_ind\ricardo_esq_ind_2.bmp
		BD\ricardo_esq_ind\ricardo_esq_ind_3.bmp = BD\ricardo_esq_ind\ricardo_esq_ind_3.bmp
		BD\ricardo_esq_med\ricardo_esq_med_1.bmp = BD\ricardo_esq_med\ricardo_esq_med_1.bmp
		BD\ricardo_esq_med\ricardo_esq_med_2.bmp = BD\ricardo_esq_med\ricardo_esq_med_2.bmp
		BD\ricardo_esq_med\ricardo_esq_med_3.bmp = BD\ricardo_esq_med\ricardo_esq_med_3.bmp
		BD\romil_dir_an\romil_dir_an_1.bmp = BD\romil_dir_an\romil_dir_an_1.bmp
		BD\romil_dir_an\romil_dir_an_2.bmp = BD\romil_dir_an\romil_dir_an_2.bmp
		BD\romil_dir_an\romil_dir_an_3.bmp = BD\romil_dir_an\romil_dir_an_3.bmp
		BD\romil_dir_pol\romil_dir_pol_1.bmp = BD\romil_dir_pol\romil_dir_pol_1.bmp
		BD\romil_dir_pol\romil_dir_pol_2.bmp = BD\romil_dir_pol\romil_dir_pol_2.bmp
		BD\romil_dir_pol\romil_dir_pol_3.bmp = BD\romil_dir_pol\romil_dir_pol_3.bmp
		BD\romil_esq_an\romil_esq_an_1.bmp = BD\romil_esq_an\romil_esq_an_1.bmp
		BD\romil_esq_an\romil_esq_an_2.bmp = BD\romil_esq_an\romil_esq_an_2.bmp
		BD\romil_esq_an\romil_esq_an_3.bmp = BD\romil_esq_an\romil_esq_an_3.bmp
		BD\romil_esq_ind\romil_esq_ind_1.bmp = BD\romil_esq_ind\romil_esq_ind_1.bmp
		BD\romil_esq_ind\romil_esq_ind_2.bmp = BD\romil_esq_ind\romil_esq_ind_2.bmp
		BD\romil_esq_ind\romil_esq_ind_3.bmp = BD\romil_esq_ind\romil_esq_ind_3.bmp
		BD\romil_esq_med\romil_esq_med_1.bmp = BD\romil_esq_med\romil_esq_med_1.bmp
		BD\romil_esq_med\romil_esq_med_2.bmp = BD\romil_esq_med\romil_esq_med_2.bmp
		BD\romil_esq_med\romil_esq_med_3.bmp = BD\romil_esq_med\romil_esq_med_3.bmp
		BD\romil_esq_pol\romil_esq_pol_1.bmp = BD\romil_esq_pol\romil_esq_pol_1.bmp
		BD\romil_esq_pol\romil_esq_pol_2.bmp = BD\romil_esq_pol\romil_esq_pol_2.bmp
		BD\romil_esq_pol\romil_esq_pol_3.bmp = BD\romil_esq_pol\romil_esq_pol_3.bmp
		BD\rosario_dir_an\rosario_dir_an_1.bmp = BD\rosario_dir_an\rosario_dir_an_1.bmp
		BD\rosario_dir_an\rosario_dir_an_2.bmp = BD\rosario_dir_an\rosario_dir_an_2.bmp
		BD\rosario_dir_an\rosario_dir_an_3.bmp = BD\rosario_dir_an\rosario_dir_an_3.bmp
		BD\rosario_dir_med\rosario_dir_imed_1.bmp = BD\rosario_dir_med\rosario_dir_imed_1.bmp
		BD\rosario_dir_med\rosario_dir_imed_2.bmp = BD\rosario_dir_med\rosario_dir_imed_2.bmp
		BD\rosario_dir_med\rosario_dir_imed_3.bmp = BD\rosario_dir_med\rosario_dir_imed_3.bmp
		BD\rosario_dir_ind\rosario_dir_ind_1.bmp = BD\rosario_dir_ind\rosario_dir_ind_1.bmp
		BD\rosario_dir_ind\rosario_dir_ind_2.bmp = BD\rosario_dir_ind\rosario_dir_ind_2.bmp
		BD\rosario_dir_ind\rosario_dir_ind_3.bmp = BD\rosario_dir_ind\rosario_dir_ind_3.bmp
		BD\rosario_dir_pol\rosario_dir_pol_1.bmp = BD\rosario_dir_pol\rosario_dir_pol_1.bmp
		BD\rosario_dir_pol\rosario_dir_pol_2.bmp = BD\rosario_dir_pol\rosario_dir_pol_2.bmp
		BD\rosario_dir_pol\rosario_dir_pol_3.bmp = BD\rosario_dir_pol\rosario_dir_pol_3.bmp
		BD\rosario_esq_an\rosario_esq_an_1.bmp = BD\rosario_esq_an\rosario_esq_an_1.bmp
		BD\rosario_esq_an\rosario_esq_an_2.bmp = BD\rosario_esq_an\rosario_esq_an_2.bmp
		BD\rosario_esq_an\rosario_esq_an_3.bmp = BD\rosario_esq_an\rosario_esq_an_3.bmp
		BD\rosario_esq_ind\rosario_esq_ind_1.bmp = BD\rosario_esq_ind\rosario_esq_ind_1.bmp
		BD\rosario_esq_ind\rosario_esq_ind_2.bmp = BD\rosario_esq_ind\rosario_esq_ind_2.bmp
		BD\rosario_esq_ind\rosario_esq_ind_3.bmp = BD\rosario_esq_ind\rosario_esq_ind_3.bmp
		BD\rosario_esq_med\rosario_esq_med_1.bmp = BD\rosario_esq_med\rosario_esq_med_1.bmp
		BD\rosario_esq_med\rosario_esq_med_2.bmp = BD\rosario_esq_med\rosario_esq_med_2.bmp
		BD\rosario_esq_med\rosario_esq_med_3.bmp = BD\rosario_esq_med\rosario_esq_med_3.bmp
		BD\rosario_esq_pol\rosario_esq_pol_1.bmp = BD\rosario_esq_pol\rosario_esq_pol_1.bmp
		BD\rosario_esq_pol\rosario_esq_pol_2.bmp = BD\rosario_esq_pol\rosario_esq_pol_2.bmp
		BD\rosario_esq_pol\rosario_esq_pol_3.bmp = BD\rosario_esq_pol\rosario_esq_pol_3.bmp
		BD\telmo_dir_an\telmo_dir_an_1.bmp = BD\telmo_dir_an\telmo_dir_an_1.bmp
		BD\telmo_dir_an\telmo_dir_an_2.bmp = BD\telmo_dir_an\telmo_dir_an_2.bmp
		BD\telmo_dir_an\telmo_dir_an_3.bmp = BD\telmo_dir_an\telmo_dir_an_3.bmp
		BD\telmo_dir_ind\telmo_dir_ind_1.bmp = BD\telmo_dir_ind\telmo_dir_ind_1.bmp
		BD\telmo_dir_ind\telmo_dir_ind_2.bmp = BD\telmo_dir_ind\telmo_dir_ind_2.bmp
		BD\telmo_dir_ind\telmo_dir_ind_3.bmp = BD\telmo_dir_ind\telmo_dir_ind_3.bmp
		BD\telmo_dir_med\telmo_dir_med_1.bmp = BD\telmo_dir_med\telmo_dir_med_1.bmp
		BD\telmo_dir_med\telmo_dir_med_2.bmp = BD\telmo_dir_med\telmo_dir_med_2.bmp
		BD\telmo_dir_med\telmo_dir_med_3.bmp = BD\telmo_dir_med\telmo_dir_med_3.bmp
		BD\telmo_dir_pol\telmo_dir_pol_1.bmp = BD\telmo_dir_pol\telmo_dir_pol_1.bmp
		BD\telmo_dir_pol\telmo_dir_pol_2.bmp = BD\telmo_dir_pol\telmo_dir_pol_2.bmp
		BD\telmo_dir_pol\telmo_dir_pol_3.bmp = BD\telmo_dir_pol\telmo_dir_pol_3.bmp
		BD\telmo_esq_an\telmo_esq_an_1.bmp = BD\telmo_esq_an\telmo_esq_an_1.bmp
		BD\telmo_esq_an\telmo_esq_an_2.bmp = BD\telmo_esq_an\telmo_esq_an_2.bmp
		BD\telmo_esq_an\telmo_esq_an_3.bmp = BD\telmo_esq_an\telmo_esq_an_3.bmp
		BD\telmo_esq_ind\telmo_esq_ind_1.bmp = BD\telmo_esq_ind\telmo_esq_ind_1.bmp
		BD\telmo_esq_ind\telmo_esq_ind_2.bmp = BD\telmo_esq_ind\telmo_esq_ind_2.bmp
		BD\telmo_esq_ind\telmo_esq_ind_3.bmp = BD\telmo_esq_ind\telmo_esq_ind_3.bmp
		BD\telmo_esq_med\telmo_esq_med_1.bmp = BD\telmo_esq_med\telmo_esq_med_1.bmp
		BD\telmo_esq_med\telmo_esq_med_2.bmp = BD\telmo_esq_med\telmo_esq_med_2.bmp
		BD\telmo_esq_med\telmo_esq_med_3.bmp = BD\telmo_esq_med\telmo_esq_med_3.bmp
		BD\telmo_esq_pol\telmo_esq_pol_1.bmp = BD\telmo_esq_pol\telmo_esq_pol_1.bmp
		BD\telmo_esq_pol\telmo_esq_pol_2.bmp = BD\telmo_esq_pol\telmo_esq_pol_2.bmp
		BD\telmo_esq_pol\telmo_esq_pol_3.bmp = BD\telmo_esq_pol\telmo_esq_pol_3.bmp
		BD\walter_dir_an\walter_dir_an_1.bmp = BD\walter_dir_an\walter_dir_an_1.bmp
		BD\walter_dir_an\walter_dir_an_2.bmp = BD\walter_dir_an\walter_dir_an_2.bmp
		BD\walter_dir_an\walter_dir_an_3.bmp = BD\walter_dir_an\walter_dir_an_3.bmp
		BD\walter_dir_ind\walter_dir_ind_1.bmp = BD\walter_dir_ind\walter_dir_ind_1.bmp
		BD\walter_dir_ind\walter_dir_ind_2.bmp = BD\walter_dir_ind\walter_dir_ind_2.bmp
		BD\walter_dir_ind\walter_dir_ind_3.bmp = BD\walter_dir_ind\walter_dir_ind_3.bmp
		BD\walter_dir_med\walter_dir_med_1.bmp = BD\walter_dir_med\walter_dir_med_1.bmp
		BD\walter_dir_med\walter_dir_med_2.bmp = BD\walter_dir_med\walter_dir_med_2.bmp
		BD\walter_dir_med\walter_dir_med_3.bmp = BD\walter_dir_med\walter_dir_med_3.bmp
		BD\walter_esq_an\walter_esq_an_1.bmp = BD\walter_esq_an\walter_esq_an_1.bmp
		BD\walter_esq_an\walter_esq_an_2.bmp = BD\walter_esq_an\walter_esq_an_2.bmp
		BD\walter_esq_an\walter_esq_an_3.bmp = BD\walter_esq_an\walter_esq_an_3.bmp
		BD\walter_esq_ind\walter_esq_ind_1.bmp = BD\walter_esq_ind\walter_esq_ind_1.bmp
		BD\walter_esq_ind\walter_esq_ind_2.bmp = BD\walter_esq_ind\walter_esq_ind_2.bmp
		BD\walter_esq_ind\walter_esq_ind_3.bmp = BD\walter_esq_ind\walter_esq_ind_3.bmp
		BD\walter_esq_med\walter_esq_med_1.bmp = BD\walter_esq_med\walter_esq_med_1.bmp
		BD\walter_esq_med\walter_esq_med_2.bmp = BD\walter_esq_med\walter_esq_med_2.bmp
		BD\walter_esq_med\walter_esq_med_3.bmp = BD\walter_esq_med\walter_esq_med_3.bmp
		BD\zagalo_dir_an\zagalo_dir_an_1.bmp = BD\zagalo_dir_an\zagalo_dir_an_1.bmp
		BD\zagalo_dir_an\zagalo_dir_an_2.bmp = BD\zagalo_dir_an\zagalo_dir_an_2.bmp
		BD\zagalo_dir_an\zagalo_dir_an_3.bmp = BD\zagalo_dir_an\zagalo_dir_an_3.bmp
		BD\zagalo_dir_ind\zagalo_dir_ind_1.bmp = BD\zagalo_dir_ind\zagalo_dir_ind_1.bmp
		BD\zagalo_dir_ind\zagalo_dir_ind_2.bmp = BD\zagalo_dir_ind\zagalo_dir_ind_2.bmp
		BD\zagalo_dir_ind\zagalo_dir_ind_3.bmp = BD\zagalo_dir_ind\zagalo_dir_ind_3.bmp
		BD\zagalo_dir_med\zagalo_dir_med_1.bmp = BD\zagalo_dir_med\zagalo_dir_med_1.bmp
		BD\zagalo_dir_med\zagalo_dir_med_2.bmp = BD\zagalo_dir_med\zagalo_dir_med_2.bmp
		BD\zagalo_dir_med\zagalo_dir_med_3.bmp = BD\zagalo_dir_med\zagalo_dir_med_3.bmp
		BD\zagalo_dir_pol\zagalo_dir_pol_1.bmp = BD\zagalo_dir_pol\zagalo_dir_pol_1.bmp
		BD\zagalo_dir_pol\zagalo_dir_pol_2.bmp = BD\zagalo_dir_pol\zagalo_dir_pol_2.bmp
		BD\zagalo_dir_pol\zagalo_dir_pol_3.bmp = BD\zagalo_dir_pol\zagalo_dir_pol_3.bmp
		BD\zagalo_esq_an\zagalo_esq_an_1.bmp = BD\zagalo_esq_an\zagalo_esq_an_1.bmp
		BD\zagalo_esq_an\zagalo_esq_an_2.bmp = BD\zagalo_esq_an\zagalo_esq_an_2.bmp
		BD\zagalo_esq_an\zagalo_esq_an_3.bmp = BD\zagalo_esq_an\zagalo_esq_an_3.bmp
		BD\zagalo_esq_ind\zagalo_esq_ind_1.bmp = BD\zagalo_esq_ind\zagalo_esq_ind_1.bmp
		BD\zagalo_esq_ind\zagalo_esq_ind_2.bmp = BD\zagalo_esq_ind\zagalo_esq_ind_2.bmp
		BD\zagalo_esq_ind\zagalo_esq_ind_3.bmp = BD\zagalo_esq_ind\zagalo_esq_ind_3.bmp
		BD\zagalo_esq_med\zagalo_esq_med_1.bmp = BD\zagalo_esq_med\zagalo_esq_med_1.bmp
		BD\zagalo_esq_med\zagalo_esq_med_2.bmp = BD\zagalo_esq_med\zagalo_esq_med_2.bmp
		BD\zagalo_esq_med\zagalo_esq_med_3.bmp = BD\zagalo_esq_med\zagalo_esq_med_3.bmp
		BD\zagalo_esq_pol\zagalo_esq_pol_1.bmp = BD\zagalo_esq_pol\zagalo_esq_pol_1.bmp
		BD\zagalo_esq_pol\zagalo_esq_pol_2.bmp = BD\zagalo_esq_pol\zagalo_esq_pol_2.bmp
		BD\zagalo_esq_pol\zagalo_esq_pol_3.bmp = BD\zagalo_esq_pol\zagalo_esq_pol_3.bmp
	EndProjectSection
EndProject
Project("{FAE04EC0-301F-11D3-BF4B-00C04F79EFBC}") = "SarcIntelService", "SarcIntelService\SarcIntelService.csproj", "{E2D726D9-6F0B-4E3C-8B7A-4293BA17072A}"
EndProject
Project("{FAE04EC0-301F-11D3-BF4B-00C04F79EFBC}") = "PEP", "PEP\PEP.csproj", "{E8E99FB4-6DC1-4A74-9EA4-8C56265391EC}"
EndProject
Project("{FAE04EC0-301F-11D3-BF4B-00C04F79EFBC}") = "SourceAFIS", "SourceAFIS\SourceAFIS\SourceAFIS.csproj", "{35075900-98B2-4F73-A8FE-11E0D2182689}"
EndProject
Project("{FAE04EC0-301F-11D3-BF4B-00C04F79EFBC}") = "SourceAFIS.Test", "SourceAFIS.Test\SourceAFIS.Test.csproj", "{84F9CC69-9906-4802-B818-8A78C8ACFAE8}"
EndProject
Global
	GlobalSection(SolutionConfigurationPlatforms) = preSolution
		Debug|Any CPU = Debug|Any CPU
		Debug|x86 = Debug|x86
		Release|Any CPU = Release|Any CPU
		Release|x86 = Release|x86
	EndGlobalSection
	GlobalSection(ProjectConfigurationPlatforms) = postSolution
		{CA469327-4E1C-4F6E-9815-296A8C92C954}.Debug|Any CPU.ActiveCfg = Debug|Any CPU
		{CA469327-4E1C-4F6E-9815-296A8C92C954}.Debug|Any CPU.Build.0 = Debug|Any CPU
		{CA469327-4E1C-4F6E-9815-296A8C92C954}.Debug|x86.ActiveCfg = Debug|x86
		{CA469327-4E1C-4F6E-9815-296A8C92C954}.Debug|x86.Build.0 = Debug|x86
		{CA469327-4E1C-4F6E-9815-296A8C92C954}.Release|Any CPU.ActiveCfg = Release|x86
		{CA469327-4E1C-4F6E-9815-296A8C92C954}.Release|Any CPU.Build.0 = Release|x86
		{CA469327-4E1C-4F6E-9815-296A8C92C954}.Release|x86.ActiveCfg = Release|x86
		{CA469327-4E1C-4F6E-9815-296A8C92C954}.Release|x86.Build.0 = Release|x86
		{E188C274-E2F6-4279-81EF-FAD9CA0E16B7}.Debug|Any CPU.ActiveCfg = Debug|Any CPU
		{E188C274-E2F6-4279-81EF-FAD9CA0E16B7}.Debug|Any CPU.Build.0 = Debug|Any CPU
		{E188C274-E2F6-4279-81EF-FAD9CA0E16B7}.Debug|x86.ActiveCfg = Debug|x86
		{E188C274-E2F6-4279-81EF-FAD9CA0E16B7}.Debug|x86.Build.0 = Debug|x86
		{E188C274-E2F6-4279-81EF-FAD9CA0E16B7}.Release|Any CPU.ActiveCfg = Release|x86
		{E188C274-E2F6-4279-81EF-FAD9CA0E16B7}.Release|Any CPU.Build.0 = Release|x86
		{E188C274-E2F6-4279-81EF-FAD9CA0E16B7}.Release|x86.ActiveCfg = Release|x86
		{E188C274-E2F6-4279-81EF-FAD9CA0E16B7}.Release|x86.Build.0 = Release|x86
		{736A5C2C-436F-4F90-B1B9-AE4B15713F66}.Debug|Any CPU.ActiveCfg = Debug|Any CPU
		{736A5C2C-436F-4F90-B1B9-AE4B15713F66}.Debug|Any CPU.Build.0 = Debug|Any CPU
		{736A5C2C-436F-4F90-B1B9-AE4B15713F66}.Debug|x86.ActiveCfg = Debug|x86
		{736A5C2C-436F-4F90-B1B9-AE4B15713F66}.Debug|x86.Build.0 = Debug|x86
		{736A5C2C-436F-4F90-B1B9-AE4B15713F66}.Release|Any CPU.ActiveCfg = Release|x86
		{736A5C2C-436F-4F90-B1B9-AE4B15713F66}.Release|Any CPU.Build.0 = Release|x86
		{736A5C2C-436F-4F90-B1B9-AE4B15713F66}.Release|x86.ActiveCfg = Release|x86
		{736A5C2C-436F-4F90-B1B9-AE4B15713F66}.Release|x86.Build.0 = Release|x86
		{700EA2E5-DE91-4C24-B3F3-6E74221D013B}.Debug|Any CPU.ActiveCfg = Debug|Any CPU
		{700EA2E5-DE91-4C24-B3F3-6E74221D013B}.Debug|Any CPU.Build.0 = Debug|Any CPU
		{700EA2E5-DE91-4C24-B3F3-6E74221D013B}.Debug|x86.ActiveCfg = Debug|Any CPU
		{700EA2E5-DE91-4C24-B3F3-6E74221D013B}.Release|Any CPU.ActiveCfg = Release|Any CPU
		{700EA2E5-DE91-4C24-B3F3-6E74221D013B}.Release|Any CPU.Build.0 = Release|Any CPU
		{700EA2E5-DE91-4C24-B3F3-6E74221D013B}.Release|x86.ActiveCfg = Release|Any CPU
		{E2D726D9-6F0B-4E3C-8B7A-4293BA17072A}.Debug|Any CPU.ActiveCfg = Debug|Any CPU
		{E2D726D9-6F0B-4E3C-8B7A-4293BA17072A}.Debug|Any CPU.Build.0 = Debug|Any CPU
		{E2D726D9-6F0B-4E3C-8B7A-4293BA17072A}.Debug|x86.ActiveCfg = Debug|Any CPU
		{E2D726D9-6F0B-4E3C-8B7A-4293BA17072A}.Release|Any CPU.ActiveCfg = Release|Any CPU
		{E2D726D9-6F0B-4E3C-8B7A-4293BA17072A}.Release|Any CPU.Build.0 = Release|Any CPU
		{E2D726D9-6F0B-4E3C-8B7A-4293BA17072A}.Release|x86.ActiveCfg = Release|Any CPU
		{E8E99FB4-6DC1-4A74-9EA4-8C56265391EC}.Debug|Any CPU.ActiveCfg = Debug|Any CPU
		{E8E99FB4-6DC1-4A74-9EA4-8C56265391EC}.Debug|Any CPU.Build.0 = Debug|Any CPU
		{E8E99FB4-6DC1-4A74-9EA4-8C56265391EC}.Debug|x86.ActiveCfg = Debug|Any CPU
		{E8E99FB4-6DC1-4A74-9EA4-8C56265391EC}.Release|Any CPU.ActiveCfg = Release|Any CPU
		{E8E99FB4-6DC1-4A74-9EA4-8C56265391EC}.Release|Any CPU.Build.0 = Release|Any CPU
		{E8E99FB4-6DC1-4A74-9EA4-8C56265391EC}.Release|x86.ActiveCfg = Release|Any CPU
		{35075900-98B2-4F73-A8FE-11E0D2182689}.Debug|Any CPU.ActiveCfg = Debug|Any CPU
		{35075900-98B2-4F73-A8FE-11E0D2182689}.Debug|Any CPU.Build.0 = Debug|Any CPU
		{35075900-98B2-4F73-A8FE-11E0D2182689}.Debug|x86.ActiveCfg = Debug|Any CPU
		{35075900-98B2-4F73-A8FE-11E0D2182689}.Release|Any CPU.ActiveCfg = Release|Any CPU
		{35075900-98B2-4F73-A8FE-11E0D2182689}.Release|Any CPU.Build.0 = Release|Any CPU
		{35075900-98B2-4F73-A8FE-11E0D2182689}.Release|x86.ActiveCfg = Release|Any CPU
		{84F9CC69-9906-4802-B818-8A78C8ACFAE8}.Debug|Any CPU.ActiveCfg = Debug|Any CPU
		{84F9CC69-9906-4802-B818-8A78C8ACFAE8}.Debug|Any CPU.Build.0 = Debug|Any CPU
		{84F9CC69-9906-4802-B818-8A78C8ACFAE8}.Debug|x86.ActiveCfg = Debug|Any CPU
		{84F9CC69-9906-4802-B818-8A78C8ACFAE8}.Release|Any CPU.ActiveCfg = Release|Any CPU
		{84F9CC69-9906-4802-B818-8A78C8ACFAE8}.Release|Any CPU.Build.0 = Release|Any CPU
		{84F9CC69-9906-4802-B818-8A78C8ACFAE8}.Release|x86.ActiveCfg = Release|Any CPU
	EndGlobalSection
	GlobalSection(SolutionProperties) = preSolution
		HideSolutionNode = FALSE
	EndGlobalSection
EndGlobal
